{
  "requires": true,
  "lockfileVersion": 1,
  "dependencies": {
    "sql.js": {
      "version": "1.0.0",
      "resolved": "https://registry.npmjs.org/sql.js/-/sql.js-1.0.0.tgz",
      "integrity": "sha512-fl/cQu8hDbu9bXNXTrmwwtS2wvHttWrXS9fzINVtedOBOJJWMjwSADR1aQ+DKmCdGNF4jrg/15AedJ5kcrWRJA=="
    }
  }
}
